
Microsoft Visual Studio Solution File, Format Version 12.00
# Visual Studio Version 16
VisualStudioVersion = 16.0.31321.278
MinimumVisualStudioVersion = 10.0.40219.1
Project("{FAE04EC0-301F-11D3-BF4B-00C04F79EFBC}") = "test2.Android", "test2\test2.Android\test2.Android.csproj", "{F143AD56-483B-408E-9BB2-6C7AE28580C2}"
EndProject
Project("{FAE04EC0-301F-11D3-BF4B-00C04F79EFBC}") = "test2.iOS", "test2\test2.iOS\test2.iOS.csproj", "{888D313B-E646-4D50-B108-A2D5D2EB62DD}"
EndProject
Project("{FAE04EC0-301F-11D3-BF4B-00C04F79EFBC}") = "test2", "test2\test2\test2.csproj", "{2528247B-678A-439D-A06F-8D1DA8991690}"
EndProject
Global
	GlobalSection(SolutionConfigurationPlatforms) = preSolution
		Debug|Any CPU = Debug|Any CPU
		Debug|iPhone = Debug|iPhone
		Debug|iPhoneSimulator = Debug|iPhoneSimulator
		Release|Any CPU = Release|Any CPU
		Release|iPhone = Release|iPhone
		Release|iPhoneSimulator = Release|iPhoneSimulator
	EndGlobalSection
	GlobalSection(ProjectConfigurationPlatforms) = postSolution
		{F143AD56-483B-408E-9BB2-6C7AE28580C2}.Debug|Any CPU.ActiveCfg = Debug|Any CPU
		{F143AD56-483B-408E-9BB2-6C7AE28580C2}.Debug|Any CPU.Build.0 = Debug|Any CPU
		{F143AD56-483B-408E-9BB2-6C7AE28580C2}.Debug|Any CPU.Deploy.0 = Debug|Any CPU
		{F143AD56-483B-408E-9BB2-6C7AE28580C2}.Debug|iPhone.ActiveCfg = Debug|Any CPU
		{F143AD56-483B-408E-9BB2-6C7AE28580C2}.Debug|iPhone.Build.0 = Debug|Any CPU
		{F143AD56-483B-408E-9BB2-6C7AE28580C2}.Debug|iPhone.Deploy.0 = Debug|Any CPU
		{F143AD56-483B-408E-9BB2-6C7AE28580C2}.Debug|iPhoneSimulator.ActiveCfg = Debug|Any CPU
		{F143AD56-483B-408E-9BB2-6C7AE28580C2}.Debug|iPhoneSimulator.Build.0 = Debug|Any CPU
		{F143AD56-483B-408E-9BB2-6C7AE28580C2}.Debug|iPhoneSimulator.Deploy.0 = Debug|Any CPU
		{F143AD56-483B-408E-9BB2-6C7AE28580C2}.Release|Any CPU.ActiveCfg = Release|Any CPU
		{F143AD56-483B-408E-9BB2-6C7AE28580C2}.Release|Any CPU.Build.0 = Release|Any CPU
		{F143AD56-483B-408E-9BB2-6C7AE28580C2}.Release|Any CPU.Deploy.0 = Release|Any CPU
		{F143AD56-483B-408E-9BB2-6C7AE28580C2}.Release|iPhone.ActiveCfg = Release|Any CPU
		{F143AD56-483B-408E-9BB2-6C7AE28580C2}.Release|iPhone.Build.0 = Release|Any CPU
		{F143AD56-483B-408E-9BB2-6C7AE28580C2}.Release|iPhone.Deploy.0 = Release|Any CPU
		{F143AD56-483B-408E-9BB2-6C7AE28580C2}.Release|iPhoneSimulator.ActiveCfg = Release|Any CPU
		{F143AD56-483B-408E-9BB2-6C7AE28580C2}.Release|iPhoneSimulator.Build.0 = Release|Any CPU
		{F143AD56-483B-408E-9BB2-6C7AE28580C2}.Release|iPhoneSimulator.Deploy.0 = Release|Any CPU
		{888D313B-E646-4D50-B108-A2D5D2EB62DD}.Debug|Any CPU.ActiveCfg = Debug|iPhone
		{888D313B-E646-4D50-B108-A2D5D2EB62DD}.Debug|Any CPU.Build.0 = Debug|iPhone
		{888D313B-E646-4D50-B108-A2D5D2EB62DD}.Debug|Any CPU.Deploy.0 = Debug|iPhone
		{888D313B-E646-4D50-B108-A2D5D2EB62DD}.Debug|iPhone.ActiveCfg = Debug|iPhone
		{888D313B-E646-4D50-B108-A2D5D2EB62DD}.Debug|iPhone.Build.0 = Debug|iPhone
		{888D313B-E646-4D50-B108-A2D5D2EB62DD}.Debug|iPhone.Deploy.0 = Debug|iPhone
		{888D313B-E646-4D50-B108-A2D5D2EB62DD}.Debug|iPhoneSimulator.ActiveCfg = Debug|iPhoneSimulator
		{888D313B-E646-4D50-B108-A2D5D2EB62DD}.Debug|iPhoneSimulator.Build.0 = Debug|iPhoneSimulator
		{888D313B-E646-4D50-B108-A2D5D2EB62DD}.Debug|iPhoneSimulator.Deploy.0 = Debug|iPhoneSimulator
		{888D313B-E646-4D50-B108-A2D5D2EB62DD}.Release|Any CPU.ActiveCfg = Release|iPhoneSimulator
		{888D313B-E646-4D50-B108-A2D5D2EB62DD}.Release|Any CPU.Build.0 = Release|iPhoneSimulator
		{888D313B-E646-4D50-B108-A2D5D2EB62DD}.Release|Any CPU.Deploy.0 = Release|iPhoneSimulator
		{888D313B-E646-4D50-B108-A2D5D2EB62DD}.Release|iPhone.ActiveCfg = Release|iPhone
		{888D313B-E646-4D50-B108-A2D5D2EB62DD}.Release|iPhone.Build.0 = Release|iPhone
		{888D313B-E646-4D50-B108-A2D5D2EB62DD}.Release|iPhone.Deploy.0 = Release|iPhone
		{888D313B-E646-4D50-B108-A2D5D2EB62DD}.Release|iPhoneSimulator.ActiveCfg = Release|iPhoneSimulator
		{888D313B-E646-4D50-B108-A2D5D2EB62DD}.Release|iPhoneSimulator.Build.0 = Release|iPhoneSimulator
		{888D313B-E646-4D50-B108-A2D5D2EB62DD}.Release|iPhoneSimulator.Deploy.0 = Release|iPhoneSimulator
		{2528247B-678A-439D-A06F-8D1DA8991690}.Debug|Any CPU.ActiveCfg = Debug|Any CPU
		{2528247B-678A-439D-A06F-8D1DA8991690}.Debug|Any CPU.Build.0 = Debug|Any CPU
		{2528247B-678A-439D-A06F-8D1DA8991690}.Debug|Any CPU.Deploy.0 = Debug|Any CPU
		{2528247B-678A-439D-A06F-8D1DA8991690}.Debug|iPhone.ActiveCfg = Debug|Any CPU
		{2528247B-678A-439D-A06F-8D1DA8991690}.Debug|iPhone.Build.0 = Debug|Any CPU
		{2528247B-678A-439D-A06F-8D1DA8991690}.Debug|iPhone.Deploy.0 = Debug|Any CPU
		{2528247B-678A-439D-A06F-8D1DA8991690}.Debug|iPhoneSimulator.ActiveCfg = Debug|Any CPU
		{2528247B-678A-439D-A06F-8D1DA8991690}.Debug|iPhoneSimulator.Build.0 = Debug|Any CPU
		{2528247B-678A-439D-A06F-8D1DA8991690}.Debug|iPhoneSimulator.Deploy.0 = Debug|Any CPU
		{2528247B-678A-439D-A06F-8D1DA8991690}.Release|Any CPU.ActiveCfg = Release|Any CPU
		{2528247B-678A-439D-A06F-8D1DA8991690}.Release|Any CPU.Build.0 = Release|Any CPU
		{2528247B-678A-439D-A06F-8D1DA8991690}.Release|Any CPU.Deploy.0 = Release|Any CPU
		{2528247B-678A-439D-A06F-8D1DA8991690}.Release|iPhone.ActiveCfg = Release|Any CPU
		{2528247B-678A-439D-A06F-8D1DA8991690}.Release|iPhone.Build.0 = Release|Any CPU
		{2528247B-678A-439D-A06F-8D1DA8991690}.Release|iPhone.Deploy.0 = Release|Any CPU
		{2528247B-678A-439D-A06F-8D1DA8991690}.Release|iPhoneSimulator.ActiveCfg = Release|Any CPU
		{2528247B-678A-439D-A06F-8D1DA8991690}.Release|iPhoneSimulator.Build.0 = Release|Any CPU
		{2528247B-678A-439D-A06F-8D1DA8991690}.Release|iPhoneSimulator.Deploy.0 = Release|Any CPU
	EndGlobalSection
	GlobalSection(SolutionProperties) = preSolution
		HideSolutionNode = FALSE
	EndGlobalSection
	GlobalSection(ExtensibilityGlobals) = postSolution
		SolutionGuid = {19BE553D-0456-4369-839E-DFF051E63FA0}
	EndGlobalSection
EndGlobal
